
Microsoft Visual Studio Solution File, Format Version 12.00
# Visual Studio Version 17
VisualStudioVersion = 17.2.32602.215
MinimumVisualStudioVersion = 10.0.40219.1
Project("{9A19103F-16F7-4668-BE54-9A1E7A4F7556}") = "APITests", "APITests\APITests.csproj", "{9F6EE84D-7FB9-40C3-9D3E-04DC0CBBF054}"
EndProject
Project("{9A19103F-16F7-4668-BE54-9A1E7A4F7556}") = "TaskBoardWebAppTest", "TaskBoardWebAppTest\TaskBoardWebAppTest.csproj", "{0725E299-CD80-4AF0-96BC-FB4A41008BAF}"
EndProject
Project("{FAE04EC0-301F-11D3-BF4B-00C04F79EFBC}") = "TaskBoardMobileTests", "TaskBoardMobileTests\TaskBoardMobileTests.csproj", "{B6DA7BC3-11CD-4D12-8AC3-264B8250E7A2}"
EndProject
Global
	GlobalSection(SolutionConfigurationPlatforms) = preSolution
		Debug|Any CPU = Debug|Any CPU
		Release|Any CPU = Release|Any CPU
	EndGlobalSection
	GlobalSection(ProjectConfigurationPlatforms) = postSolution
		{9F6EE84D-7FB9-40C3-9D3E-04DC0CBBF054}.Debug|Any CPU.ActiveCfg = Debug|Any CPU
		{9F6EE84D-7FB9-40C3-9D3E-04DC0CBBF054}.Debug|Any CPU.Build.0 = Debug|Any CPU
		{9F6EE84D-7FB9-40C3-9D3E-04DC0CBBF054}.Release|Any CPU.ActiveCfg = Release|Any CPU
		{9F6EE84D-7FB9-40C3-9D3E-04DC0CBBF054}.Release|Any CPU.Build.0 = Release|Any CPU
		{0725E299-CD80-4AF0-96BC-FB4A41008BAF}.Debug|Any CPU.ActiveCfg = Debug|Any CPU
		{0725E299-CD80-4AF0-96BC-FB4A41008BAF}.Debug|Any CPU.Build.0 = Debug|Any CPU
		{0725E299-CD80-4AF0-96BC-FB4A41008BAF}.Release|Any CPU.ActiveCfg = Release|Any CPU
		{0725E299-CD80-4AF0-96BC-FB4A41008BAF}.Release|Any CPU.Build.0 = Release|Any CPU
		{B6DA7BC3-11CD-4D12-8AC3-264B8250E7A2}.Debug|Any CPU.ActiveCfg = Debug|Any CPU
		{B6DA7BC3-11CD-4D12-8AC3-264B8250E7A2}.Debug|Any CPU.Build.0 = Debug|Any CPU
		{B6DA7BC3-11CD-4D12-8AC3-264B8250E7A2}.Release|Any CPU.ActiveCfg = Release|Any CPU
		{B6DA7BC3-11CD-4D12-8AC3-264B8250E7A2}.Release|Any CPU.Build.0 = Release|Any CPU
	EndGlobalSection
	GlobalSection(SolutionProperties) = preSolution
		HideSolutionNode = FALSE
	EndGlobalSection
	GlobalSection(ExtensibilityGlobals) = postSolution
		SolutionGuid = {1D88B1BC-5223-4051-ABCA-782E54D30C57}
	EndGlobalSection
EndGlobal
